
Microsoft Visual Studio Solution File, Format Version 12.00
# Visual Studio Version 16
VisualStudioVersion = 16.0.28803.452
MinimumVisualStudioVersion = 10.0.40219.1
Project("{FAE04EC0-301F-11D3-BF4B-00C04F79EFBC}") = "WindowsFormsApp1", "WindowsFormsApp1\WindowsFormsApp1.csproj", "{F4F807C8-1E98-45ED-BE63-7AEF887A0302}"
EndProject
Project("{FAE04EC0-301F-11D3-BF4B-00C04F79EFBC}") = "Gmap", "Gmap\Gmap.csproj", "{8EE3ACBC-1CB3-4358-9907-2492AA04E74E}"
EndProject
Project("{FAE04EC0-301F-11D3-BF4B-00C04F79EFBC}") = "Model", "Model\Model.csproj", "{02E71BAD-78E5-4B08-8776-AE1FD927B469}"
EndProject
Project("{FAE04EC0-301F-11D3-BF4B-00C04F79EFBC}") = "RadarScreen", "RadarScreen\RadarScreen.csproj", "{EE2FE271-5CC3-482C-8D19-F4ACE24A88E8}"
EndProject
Global
	GlobalSection(SolutionConfigurationPlatforms) = preSolution
		Debug|Any CPU = Debug|Any CPU
		Release|Any CPU = Release|Any CPU
	EndGlobalSection
	GlobalSection(ProjectConfigurationPlatforms) = postSolution
		{F4F807C8-1E98-45ED-BE63-7AEF887A0302}.Debug|Any CPU.ActiveCfg = Debug|Any CPU
		{F4F807C8-1E98-45ED-BE63-7AEF887A0302}.Debug|Any CPU.Build.0 = Debug|Any CPU
		{F4F807C8-1E98-45ED-BE63-7AEF887A0302}.Release|Any CPU.ActiveCfg = Release|Any CPU
		{F4F807C8-1E98-45ED-BE63-7AEF887A0302}.Release|Any CPU.Build.0 = Release|Any CPU
		{8EE3ACBC-1CB3-4358-9907-2492AA04E74E}.Debug|Any CPU.ActiveCfg = Debug|Any CPU
		{8EE3ACBC-1CB3-4358-9907-2492AA04E74E}.Debug|Any CPU.Build.0 = Debug|Any CPU
		{8EE3ACBC-1CB3-4358-9907-2492AA04E74E}.Release|Any CPU.ActiveCfg = Release|Any CPU
		{8EE3ACBC-1CB3-4358-9907-2492AA04E74E}.Release|Any CPU.Build.0 = Release|Any CPU
		{02E71BAD-78E5-4B08-8776-AE1FD927B469}.Debug|Any CPU.ActiveCfg = Debug|Any CPU
		{02E71BAD-78E5-4B08-8776-AE1FD927B469}.Debug|Any CPU.Build.0 = Debug|Any CPU
		{02E71BAD-78E5-4B08-8776-AE1FD927B469}.Release|Any CPU.ActiveCfg = Release|Any CPU
		{02E71BAD-78E5-4B08-8776-AE1FD927B469}.Release|Any CPU.Build.0 = Release|Any CPU
		{EE2FE271-5CC3-482C-8D19-F4ACE24A88E8}.Debug|Any CPU.ActiveCfg = Debug|Any CPU
		{EE2FE271-5CC3-482C-8D19-F4ACE24A88E8}.Debug|Any CPU.Build.0 = Debug|Any CPU
		{EE2FE271-5CC3-482C-8D19-F4ACE24A88E8}.Release|Any CPU.ActiveCfg = Release|Any CPU
		{EE2FE271-5CC3-482C-8D19-F4ACE24A88E8}.Release|Any CPU.Build.0 = Release|Any CPU
	EndGlobalSection
	GlobalSection(SolutionProperties) = preSolution
		HideSolutionNode = FALSE
	EndGlobalSection
	GlobalSection(ExtensibilityGlobals) = postSolution
		SolutionGuid = {D0DEBB49-5EA4-4E19-9E30-C9C60342EF2A}
	EndGlobalSection
EndGlobal
